
Microsoft Visual Studio Solution File, Format Version 12.00
# Visual Studio Version 17
VisualStudioVersion = 17.0.32014.148
MinimumVisualStudioVersion = 10.0.40219.1
Project("{FAE04EC0-301F-11D3-BF4B-00C04F79EFBC}") = "FirstMVVMProjLogin.UWP", "FirstMVVMProjDice\FirstMVVMProjDice.UWP\FirstMVVMProjLogin.UWP.csproj", "{3C42CABC-5290-458A-9D15-D35ED7A1F3E8}"
EndProject
Project("{FAE04EC0-301F-11D3-BF4B-00C04F79EFBC}") = "FirstMVVMProjLogin.Android", "FirstMVVMProjDice\FirstMVVMProjDice.Android\FirstMVVMProjLogin.Android.csproj", "{E43DA957-3D2F-4C19-97DE-6C953E25CED9}"
EndProject
Project("{FAE04EC0-301F-11D3-BF4B-00C04F79EFBC}") = "FirstMVVMProjLogin.iOS", "FirstMVVMProjDice\FirstMVVMProjDice.iOS\FirstMVVMProjLogin.iOS.csproj", "{46CB6159-8F28-4DC1-8D8D-3DF285CAD39D}"
EndProject
Project("{9A19103F-16F7-4668-BE54-9A1E7A4F7556}") = "FirstMVVMProjLogin", "FirstMVVMProjDice\FirstMVVMProjDice\FirstMVVMProjLogin.csproj", "{20706D78-8F19-4F14-9986-34448A33DFC5}"
EndProject
Project("{FAE04EC0-301F-11D3-BF4B-00C04F79EFBC}") = "TestProject1", "TestProject1\TestProject1.csproj", "{70C12934-96FC-49C8-970C-B98B97A05CC5}"
EndProject
Global
	GlobalSection(SolutionConfigurationPlatforms) = preSolution
		Debug|Any CPU = Debug|Any CPU
		Debug|ARM = Debug|ARM
		Debug|iPhone = Debug|iPhone
		Debug|iPhoneSimulator = Debug|iPhoneSimulator
		Debug|x64 = Debug|x64
		Debug|x86 = Debug|x86
		Release|Any CPU = Release|Any CPU
		Release|ARM = Release|ARM
		Release|iPhone = Release|iPhone
		Release|iPhoneSimulator = Release|iPhoneSimulator
		Release|x64 = Release|x64
		Release|x86 = Release|x86
	EndGlobalSection
	GlobalSection(ProjectConfigurationPlatforms) = postSolution
		{3C42CABC-5290-458A-9D15-D35ED7A1F3E8}.Debug|Any CPU.ActiveCfg = Debug|x64
		{3C42CABC-5290-458A-9D15-D35ED7A1F3E8}.Debug|Any CPU.Build.0 = Debug|x64
		{3C42CABC-5290-458A-9D15-D35ED7A1F3E8}.Debug|Any CPU.Deploy.0 = Debug|x64
		{3C42CABC-5290-458A-9D15-D35ED7A1F3E8}.Debug|ARM.ActiveCfg = Debug|ARM
		{3C42CABC-5290-458A-9D15-D35ED7A1F3E8}.Debug|ARM.Build.0 = Debug|ARM
		{3C42CABC-5290-458A-9D15-D35ED7A1F3E8}.Debug|ARM.Deploy.0 = Debug|ARM
		{3C42CABC-5290-458A-9D15-D35ED7A1F3E8}.Debug|iPhone.ActiveCfg = Debug|x64
		{3C42CABC-5290-458A-9D15-D35ED7A1F3E8}.Debug|iPhone.Build.0 = Debug|x64
		{3C42CABC-5290-458A-9D15-D35ED7A1F3E8}.Debug|iPhone.Deploy.0 = Debug|x64
		{3C42CABC-5290-458A-9D15-D35ED7A1F3E8}.Debug|iPhoneSimulator.ActiveCfg = Debug|x64
		{3C42CABC-5290-458A-9D15-D35ED7A1F3E8}.Debug|iPhoneSimulator.Build.0 = Debug|x64
		{3C42CABC-5290-458A-9D15-D35ED7A1F3E8}.Debug|iPhoneSimulator.Deploy.0 = Debug|x64
		{3C42CABC-5290-458A-9D15-D35ED7A1F3E8}.Debug|x64.ActiveCfg = Debug|x64
		{3C42CABC-5290-458A-9D15-D35ED7A1F3E8}.Debug|x64.Build.0 = Debug|x64
		{3C42CABC-5290-458A-9D15-D35ED7A1F3E8}.Debug|x64.Deploy.0 = Debug|x64
		{3C42CABC-5290-458A-9D15-D35ED7A1F3E8}.Debug|x86.ActiveCfg = Debug|x86
		{3C42CABC-5290-458A-9D15-D35ED7A1F3E8}.Debug|x86.Build.0 = Debug|x86
		{3C42CABC-5290-458A-9D15-D35ED7A1F3E8}.Debug|x86.Deploy.0 = Debug|x86
		{3C42CABC-5290-458A-9D15-D35ED7A1F3E8}.Release|Any CPU.ActiveCfg = Release|x64
		{3C42CABC-5290-458A-9D15-D35ED7A1F3E8}.Release|Any CPU.Build.0 = Release|x64
		{3C42CABC-5290-458A-9D15-D35ED7A1F3E8}.Release|Any CPU.Deploy.0 = Release|x64
		{3C42CABC-5290-458A-9D15-D35ED7A1F3E8}.Release|ARM.ActiveCfg = Release|ARM
		{3C42CABC-5290-458A-9D15-D35ED7A1F3E8}.Release|ARM.Build.0 = Release|ARM
		{3C42CABC-5290-458A-9D15-D35ED7A1F3E8}.Release|ARM.Deploy.0 = Release|ARM
		{3C42CABC-5290-458A-9D15-D35ED7A1F3E8}.Release|iPhone.ActiveCfg = Release|x64
		{3C42CABC-5290-458A-9D15-D35ED7A1F3E8}.Release|iPhone.Build.0 = Release|x64
		{3C42CABC-5290-458A-9D15-D35ED7A1F3E8}.Release|iPhone.Deploy.0 = Release|x64
		{3C42CABC-5290-458A-9D15-D35ED7A1F3E8}.Release|iPhoneSimulator.ActiveCfg = Release|x64
		{3C42CABC-5290-458A-9D15-D35ED7A1F3E8}.Release|iPhoneSimulator.Build.0 = Release|x64
		{3C42CABC-5290-458A-9D15-D35ED7A1F3E8}.Release|iPhoneSimulator.Deploy.0 = Release|x64
		{3C42CABC-5290-458A-9D15-D35ED7A1F3E8}.Release|x64.ActiveCfg = Release|x64
		{3C42CABC-5290-458A-9D15-D35ED7A1F3E8}.Release|x64.Build.0 = Release|x64
		{3C42CABC-5290-458A-9D15-D35ED7A1F3E8}.Release|x64.Deploy.0 = Release|x64
		{3C42CABC-5290-458A-9D15-D35ED7A1F3E8}.Release|x86.ActiveCfg = Release|x86
		{3C42CABC-5290-458A-9D15-D35ED7A1F3E8}.Release|x86.Build.0 = Release|x86
		{3C42CABC-5290-458A-9D15-D35ED7A1F3E8}.Release|x86.Deploy.0 = Release|x86
		{E43DA957-3D2F-4C19-97DE-6C953E25CED9}.Debug|Any CPU.ActiveCfg = Debug|Any CPU
		{E43DA957-3D2F-4C19-97DE-6C953E25CED9}.Debug|Any CPU.Build.0 = Debug|Any CPU
		{E43DA957-3D2F-4C19-97DE-6C953E25CED9}.Debug|Any CPU.Deploy.0 = Debug|Any CPU
		{E43DA957-3D2F-4C19-97DE-6C953E25CED9}.Debug|ARM.ActiveCfg = Debug|Any CPU
		{E43DA957-3D2F-4C19-97DE-6C953E25CED9}.Debug|ARM.Build.0 = Debug|Any CPU
		{E43DA957-3D2F-4C19-97DE-6C953E25CED9}.Debug|ARM.Deploy.0 = Debug|Any CPU
		{E43DA957-3D2F-4C19-97DE-6C953E25CED9}.Debug|iPhone.ActiveCfg = Debug|Any CPU
		{E43DA957-3D2F-4C19-97DE-6C953E25CED9}.Debug|iPhone.Build.0 = Debug|Any CPU
		{E43DA957-3D2F-4C19-97DE-6C953E25CED9}.Debug|iPhone.Deploy.0 = Debug|Any CPU
		{E43DA957-3D2F-4C19-97DE-6C953E25CED9}.Debug|iPhoneSimulator.ActiveCfg = Debug|Any CPU
		{E43DA957-3D2F-4C19-97DE-6C953E25CED9}.Debug|iPhoneSimulator.Build.0 = Debug|Any CPU
		{E43DA957-3D2F-4C19-97DE-6C953E25CED9}.Debug|iPhoneSimulator.Deploy.0 = Debug|Any CPU
		{E43DA957-3D2F-4C19-97DE-6C953E25CED9}.Debug|x64.ActiveCfg = Debug|Any CPU
		{E43DA957-3D2F-4C19-97DE-6C953E25CED9}.Debug|x64.Build.0 = Debug|Any CPU
		{E43DA957-3D2F-4C19-97DE-6C953E25CED9}.Debug|x64.Deploy.0 = Debug|Any CPU
		{E43DA957-3D2F-4C19-97DE-6C953E25CED9}.Debug|x86.ActiveCfg = Debug|Any CPU
		{E43DA957-3D2F-4C19-97DE-6C953E25CED9}.Debug|x86.Build.0 = Debug|Any CPU
		{E43DA957-3D2F-4C19-97DE-6C953E25CED9}.Debug|x86.Deploy.0 = Debug|Any CPU
		{E43DA957-3D2F-4C19-97DE-6C953E25CED9}.Release|Any CPU.ActiveCfg = Release|Any CPU
		{E43DA957-3D2F-4C19-97DE-6C953E25CED9}.Release|Any CPU.Build.0 = Release|Any CPU
		{E43DA957-3D2F-4C19-97DE-6C953E25CED9}.Release|Any CPU.Deploy.0 = Release|Any CPU
		{E43DA957-3D2F-4C19-97DE-6C953E25CED9}.Release|ARM.ActiveCfg = Release|Any CPU
		{E43DA957-3D2F-4C19-97DE-6C953E25CED9}.Release|ARM.Build.0 = Release|Any CPU
		{E43DA957-3D2F-4C19-97DE-6C953E25CED9}.Release|ARM.Deploy.0 = Release|Any CPU
		{E43DA957-3D2F-4C19-97DE-6C953E25CED9}.Release|iPhone.ActiveCfg = Release|Any CPU
		{E43DA957-3D2F-4C19-97DE-6C953E25CED9}.Release|iPhone.Build.0 = Release|Any CPU
		{E43DA957-3D2F-4C19-97DE-6C953E25CED9}.Release|iPhone.Deploy.0 = Release|Any CPU
		{E43DA957-3D2F-4C19-97DE-6C953E25CED9}.Release|iPhoneSimulator.ActiveCfg = Release|Any CPU
		{E43DA957-3D2F-4C19-97DE-6C953E25CED9}.Release|iPhoneSimulator.Build.0 = Release|Any CPU
		{E43DA957-3D2F-4C19-97DE-6C953E25CED9}.Release|iPhoneSimulator.Deploy.0 = Release|Any CPU
		{E43DA957-3D2F-4C19-97DE-6C953E25CED9}.Release|x64.ActiveCfg = Release|Any CPU
		{E43DA957-3D2F-4C19-97DE-6C953E25CED9}.Release|x64.Build.0 = Release|Any CPU
		{E43DA957-3D2F-4C19-97DE-6C953E25CED9}.Release|x64.Deploy.0 = Release|Any CPU
		{E43DA957-3D2F-4C19-97DE-6C953E25CED9}.Release|x86.ActiveCfg = Release|Any CPU
		{E43DA957-3D2F-4C19-97DE-6C953E25CED9}.Release|x86.Build.0 = Release|Any CPU
		{E43DA957-3D2F-4C19-97DE-6C953E25CED9}.Release|x86.Deploy.0 = Release|Any CPU
		{46CB6159-8F28-4DC1-8D8D-3DF285CAD39D}.Debug|Any CPU.ActiveCfg = Debug|iPhoneSimulator
		{46CB6159-8F28-4DC1-8D8D-3DF285CAD39D}.Debug|Any CPU.Build.0 = Debug|iPhoneSimulator
		{46CB6159-8F28-4DC1-8D8D-3DF285CAD39D}.Debug|Any CPU.Deploy.0 = Debug|iPhoneSimulator
		{46CB6159-8F28-4DC1-8D8D-3DF285CAD39D}.Debug|ARM.ActiveCfg = Debug|iPhoneSimulator
		{46CB6159-8F28-4DC1-8D8D-3DF285CAD39D}.Debug|ARM.Build.0 = Debug|iPhoneSimulator
		{46CB6159-8F28-4DC1-8D8D-3DF285CAD39D}.Debug|ARM.Deploy.0 = Debug|iPhoneSimulator
		{46CB6159-8F28-4DC1-8D8D-3DF285CAD39D}.Debug|iPhone.ActiveCfg = Debug|iPhone
		{46CB6159-8F28-4DC1-8D8D-3DF285CAD39D}.Debug|iPhone.Build.0 = Debug|iPhone
		{46CB6159-8F28-4DC1-8D8D-3DF285CAD39D}.Debug|iPhone.Deploy.0 = Debug|iPhone
		{46CB6159-8F28-4DC1-8D8D-3DF285CAD39D}.Debug|iPhoneSimulator.ActiveCfg = Debug|iPhoneSimulator
		{46CB6159-8F28-4DC1-8D8D-3DF285CAD39D}.Debug|iPhoneSimulator.Build.0 = Debug|iPhoneSimulator
		{46CB6159-8F28-4DC1-8D8D-3DF285CAD39D}.Debug|iPhoneSimulator.Deploy.0 = Debug|iPhoneSimulator
		{46CB6159-8F28-4DC1-8D8D-3DF285CAD39D}.Debug|x64.ActiveCfg = Debug|iPhone
		{46CB6159-8F28-4DC1-8D8D-3DF285CAD39D}.Debug|x64.Build.0 = Debug|iPhone
		{46CB6159-8F28-4DC1-8D8D-3DF285CAD39D}.Debug|x64.Deploy.0 = Debug|iPhone
		{46CB6159-8F28-4DC1-8D8D-3DF285CAD39D}.Debug|x86.ActiveCfg = Debug|iPhoneSimulator
		{46CB6159-8F28-4DC1-8D8D-3DF285CAD39D}.Debug|x86.Build.0 = Debug|iPhoneSimulator
		{46CB6159-8F28-4DC1-8D8D-3DF285CAD39D}.Debug|x86.Deploy.0 = Debug|iPhoneSimulator
		{46CB6159-8F28-4DC1-8D8D-3DF285CAD39D}.Release|Any CPU.ActiveCfg = Release|iPhoneSimulator
		{46CB6159-8F28-4DC1-8D8D-3DF285CAD39D}.Release|Any CPU.Build.0 = Release|iPhoneSimulator
		{46CB6159-8F28-4DC1-8D8D-3DF285CAD39D}.Release|Any CPU.Deploy.0 = Release|iPhoneSimulator
		{46CB6159-8F28-4DC1-8D8D-3DF285CAD39D}.Release|ARM.ActiveCfg = Release|iPhoneSimulator
		{46CB6159-8F28-4DC1-8D8D-3DF285CAD39D}.Release|ARM.Build.0 = Release|iPhoneSimulator
		{46CB6159-8F28-4DC1-8D8D-3DF285CAD39D}.Release|ARM.Deploy.0 = Release|iPhoneSimulator
		{46CB6159-8F28-4DC1-8D8D-3DF285CAD39D}.Release|iPhone.ActiveCfg = Release|iPhone
		{46CB6159-8F28-4DC1-8D8D-3DF285CAD39D}.Release|iPhone.Build.0 = Release|iPhone
		{46CB6159-8F28-4DC1-8D8D-3DF285CAD39D}.Release|iPhone.Deploy.0 = Release|iPhone
		{46CB6159-8F28-4DC1-8D8D-3DF285CAD39D}.Release|iPhoneSimulator.ActiveCfg = Release|iPhoneSimulator
		{46CB6159-8F28-4DC1-8D8D-3DF285CAD39D}.Release|iPhoneSimulator.Build.0 = Release|iPhoneSimulator
		{46CB6159-8F28-4DC1-8D8D-3DF285CAD39D}.Release|iPhoneSimulator.Deploy.0 = Release|iPhoneSimulator
		{46CB6159-8F28-4DC1-8D8D-3DF285CAD39D}.Release|x64.ActiveCfg = Release|iPhoneSimulator
		{46CB6159-8F28-4DC1-8D8D-3DF285CAD39D}.Release|x64.Build.0 = Release|iPhoneSimulator
		{46CB6159-8F28-4DC1-8D8D-3DF285CAD39D}.Release|x64.Deploy.0 = Release|iPhoneSimulator
		{46CB6159-8F28-4DC1-8D8D-3DF285CAD39D}.Release|x86.ActiveCfg = Release|iPhoneSimulator
		{46CB6159-8F28-4DC1-8D8D-3DF285CAD39D}.Release|x86.Build.0 = Release|iPhoneSimulator
		{46CB6159-8F28-4DC1-8D8D-3DF285CAD39D}.Release|x86.Deploy.0 = Release|iPhoneSimulator
		{20706D78-8F19-4F14-9986-34448A33DFC5}.Debug|Any CPU.ActiveCfg = Debug|Any CPU
		{20706D78-8F19-4F14-9986-34448A33DFC5}.Debug|Any CPU.Build.0 = Debug|Any CPU
		{20706D78-8F19-4F14-9986-34448A33DFC5}.Debug|Any CPU.Deploy.0 = Debug|Any CPU
		{20706D78-8F19-4F14-9986-34448A33DFC5}.Debug|ARM.ActiveCfg = Debug|Any CPU
		{20706D78-8F19-4F14-9986-34448A33DFC5}.Debug|ARM.Build.0 = Debug|Any CPU
		{20706D78-8F19-4F14-9986-34448A33DFC5}.Debug|ARM.Deploy.0 = Debug|Any CPU
		{20706D78-8F19-4F14-9986-34448A33DFC5}.Debug|iPhone.ActiveCfg = Debug|Any CPU
		{20706D78-8F19-4F14-9986-34448A33DFC5}.Debug|iPhone.Build.0 = Debug|Any CPU
		{20706D78-8F19-4F14-9986-34448A33DFC5}.Debug|iPhone.Deploy.0 = Debug|Any CPU
		{20706D78-8F19-4F14-9986-34448A33DFC5}.Debug|iPhoneSimulator.ActiveCfg = Debug|Any CPU
		{20706D78-8F19-4F14-9986-34448A33DFC5}.Debug|iPhoneSimulator.Build.0 = Debug|Any CPU
		{20706D78-8F19-4F14-9986-34448A33DFC5}.Debug|iPhoneSimulator.Deploy.0 = Debug|Any CPU
		{20706D78-8F19-4F14-9986-34448A33DFC5}.Debug|x64.ActiveCfg = Debug|Any CPU
		{20706D78-8F19-4F14-9986-34448A33DFC5}.Debug|x64.Build.0 = Debug|Any CPU
		{20706D78-8F19-4F14-9986-34448A33DFC5}.Debug|x64.Deploy.0 = Debug|Any CPU
		{20706D78-8F19-4F14-9986-34448A33DFC5}.Debug|x86.ActiveCfg = Debug|Any CPU
		{20706D78-8F19-4F14-9986-34448A33DFC5}.Debug|x86.Build.0 = Debug|Any CPU
		{20706D78-8F19-4F14-9986-34448A33DFC5}.Debug|x86.Deploy.0 = Debug|Any CPU
		{20706D78-8F19-4F14-9986-34448A33DFC5}.Release|Any CPU.ActiveCfg = Release|Any CPU
		{20706D78-8F19-4F14-9986-34448A33DFC5}.Release|Any CPU.Build.0 = Release|Any CPU
		{20706D78-8F19-4F14-9986-34448A33DFC5}.Release|Any CPU.Deploy.0 = Release|Any CPU
		{20706D78-8F19-4F14-9986-34448A33DFC5}.Release|ARM.ActiveCfg = Release|Any CPU
		{20706D78-8F19-4F14-9986-34448A33DFC5}.Release|ARM.Build.0 = Release|Any CPU
		{20706D78-8F19-4F14-9986-34448A33DFC5}.Release|ARM.Deploy.0 = Release|Any CPU
		{20706D78-8F19-4F14-9986-34448A33DFC5}.Release|iPhone.ActiveCfg = Release|Any CPU
		{20706D78-8F19-4F14-9986-34448A33DFC5}.Release|iPhone.Build.0 = Release|Any CPU
		{20706D78-8F19-4F14-9986-34448A33DFC5}.Release|iPhone.Deploy.0 = Release|Any CPU
		{20706D78-8F19-4F14-9986-34448A33DFC5}.Release|iPhoneSimulator.ActiveCfg = Release|Any CPU
		{20706D78-8F19-4F14-9986-34448A33DFC5}.Release|iPhoneSimulator.Build.0 = Release|Any CPU
		{20706D78-8F19-4F14-9986-34448A33DFC5}.Release|iPhoneSimulator.Deploy.0 = Release|Any CPU
		{20706D78-8F19-4F14-9986-34448A33DFC5}.Release|x64.ActiveCfg = Release|Any CPU
		{20706D78-8F19-4F14-9986-34448A33DFC5}.Release|x64.Build.0 = Release|Any CPU
		{20706D78-8F19-4F14-9986-34448A33DFC5}.Release|x64.Deploy.0 = Release|Any CPU
		{20706D78-8F19-4F14-9986-34448A33DFC5}.Release|x86.ActiveCfg = Release|Any CPU
		{20706D78-8F19-4F14-9986-34448A33DFC5}.Release|x86.Build.0 = Release|Any CPU
		{20706D78-8F19-4F14-9986-34448A33DFC5}.Release|x86.Deploy.0 = Release|Any CPU
		{70C12934-96FC-49C8-970C-B98B97A05CC5}.Debug|Any CPU.ActiveCfg = Debug|Any CPU
		{70C12934-96FC-49C8-970C-B98B97A05CC5}.Debug|Any CPU.Build.0 = Debug|Any CPU
		{70C12934-96FC-49C8-970C-B98B97A05CC5}.Debug|ARM.ActiveCfg = Debug|Any CPU
		{70C12934-96FC-49C8-970C-B98B97A05CC5}.Debug|ARM.Build.0 = Debug|Any CPU
		{70C12934-96FC-49C8-970C-B98B97A05CC5}.Debug|iPhone.ActiveCfg = Debug|Any CPU
		{70C12934-96FC-49C8-970C-B98B97A05CC5}.Debug|iPhone.Build.0 = Debug|Any CPU
		{70C12934-96FC-49C8-970C-B98B97A05CC5}.Debug|iPhoneSimulator.ActiveCfg = Debug|Any CPU
		{70C12934-96FC-49C8-970C-B98B97A05CC5}.Debug|iPhoneSimulator.Build.0 = Debug|Any CPU
		{70C12934-96FC-49C8-970C-B98B97A05CC5}.Debug|x64.ActiveCfg = Debug|Any CPU
		{70C12934-96FC-49C8-970C-B98B97A05CC5}.Debug|x64.Build.0 = Debug|Any CPU
		{70C12934-96FC-49C8-970C-B98B97A05CC5}.Debug|x86.ActiveCfg = Debug|Any CPU
		{70C12934-96FC-49C8-970C-B98B97A05CC5}.Debug|x86.Build.0 = Debug|Any CPU
		{70C12934-96FC-49C8-970C-B98B97A05CC5}.Release|Any CPU.ActiveCfg = Release|Any CPU
		{70C12934-96FC-49C8-970C-B98B97A05CC5}.Release|Any CPU.Build.0 = Release|Any CPU
		{70C12934-96FC-49C8-970C-B98B97A05CC5}.Release|ARM.ActiveCfg = Release|Any CPU
		{70C12934-96FC-49C8-970C-B98B97A05CC5}.Release|ARM.Build.0 = Release|Any CPU
		{70C12934-96FC-49C8-970C-B98B97A05CC5}.Release|iPhone.ActiveCfg = Release|Any CPU
		{70C12934-96FC-49C8-970C-B98B97A05CC5}.Release|iPhone.Build.0 = Release|Any CPU
		{70C12934-96FC-49C8-970C-B98B97A05CC5}.Release|iPhoneSimulator.ActiveCfg = Release|Any CPU
		{70C12934-96FC-49C8-970C-B98B97A05CC5}.Release|iPhoneSimulator.Build.0 = Release|Any CPU
		{70C12934-96FC-49C8-970C-B98B97A05CC5}.Release|x64.ActiveCfg = Release|Any CPU
		{70C12934-96FC-49C8-970C-B98B97A05CC5}.Release|x64.Build.0 = Release|Any CPU
		{70C12934-96FC-49C8-970C-B98B97A05CC5}.Release|x86.ActiveCfg = Release|Any CPU
		{70C12934-96FC-49C8-970C-B98B97A05CC5}.Release|x86.Build.0 = Release|Any CPU
	EndGlobalSection
	GlobalSection(SolutionProperties) = preSolution
		HideSolutionNode = FALSE
	EndGlobalSection
	GlobalSection(ExtensibilityGlobals) = postSolution
		SolutionGuid = {2A4B0C38-F5D2-4B73-8205-6DB156C4C1E1}
	EndGlobalSection
EndGlobal
